
Microsoft Visual Studio Solution File, Format Version 11.00
# Visual Studio 2010
Project("{FAE04EC0-301F-11D3-BF4B-00C04F79EFBC}") = "game_2d_plat", "Assembly-CSharp.csproj", "{A6D85920-CA26-6435-92DB-CBEBF864E26A}"
EndProject
Global
	GlobalSection(SolutionConfigurationPlatforms) = preSolution
		Debug|Any CPU = Debug|Any CPU
		Release|Any CPU = Release|Any CPU
	EndGlobalSection
	GlobalSection(ProjectConfigurationPlatforms) = postSolution
		{A6D85920-CA26-6435-92DB-CBEBF864E26A}.Debug|Any CPU.ActiveCfg = Debug|Any CPU
		{A6D85920-CA26-6435-92DB-CBEBF864E26A}.Debug|Any CPU.Build.0 = Debug|Any CPU
		{A6D85920-CA26-6435-92DB-CBEBF864E26A}.Release|Any CPU.ActiveCfg = Release|Any CPU
		{A6D85920-CA26-6435-92DB-CBEBF864E26A}.Release|Any CPU.Build.0 = Release|Any CPU
	EndGlobalSection
	GlobalSection(SolutionProperties) = preSolution
		HideSolutionNode = FALSE
	EndGlobalSection
	GlobalSection(MonoDevelopProperties) = preSolution
		StartupItem = Assembly-CSharp.csproj
	EndGlobalSection
EndGlobal
